
Microsoft Visual Studio Solution File, Format Version 12.00
# Visual Studio Version 16
VisualStudioVersion = 16.0.30225.117
MinimumVisualStudioVersion = 10.0.40219.1
Project("{FAE04EC0-301F-11D3-BF4B-00C04F79EFBC}") = "Aeiris", "DotHex\Aeiris.csproj", "{03FE2E60-D94F-4A9F-9AB1-1F340F1115EC}"
EndProject
Global
	GlobalSection(SolutionConfigurationPlatforms) = preSolution
		Debug|Any CPU = Debug|Any CPU
		Release|Any CPU = Release|Any CPU
	EndGlobalSection
	GlobalSection(ProjectConfigurationPlatforms) = postSolution
		{03FE2E60-D94F-4A9F-9AB1-1F340F1115EC}.Debug|Any CPU.ActiveCfg = Debug|Any CPU
		{03FE2E60-D94F-4A9F-9AB1-1F340F1115EC}.Debug|Any CPU.Build.0 = Debug|Any CPU
		{03FE2E60-D94F-4A9F-9AB1-1F340F1115EC}.Release|Any CPU.ActiveCfg = Release|Any CPU
		{03FE2E60-D94F-4A9F-9AB1-1F340F1115EC}.Release|Any CPU.Build.0 = Release|Any CPU
	EndGlobalSection
	GlobalSection(SolutionProperties) = preSolution
		HideSolutionNode = FALSE
	EndGlobalSection
	GlobalSection(ExtensibilityGlobals) = postSolution
		SolutionGuid = {95163FBB-097E-4FAB-A7A9-7B91F1F59DBA}
	EndGlobalSection
EndGlobal
